
Microsoft Visual Studio Solution File, Format Version 12.00
# Visual Studio for Mac
Project("{FAE04EC0-301F-11D3-BF4B-00C04F79EFBC}") = "Assembly-CSharp-firstpass", "Assembly-CSharp-firstpass.csproj", "{8DDAB667-95CB-A1FD-3A61-766911397645}"
EndProject
Project("{FAE04EC0-301F-11D3-BF4B-00C04F79EFBC}") = "Assembly-CSharp", "Assembly-CSharp.csproj", "{88E4B518-BCEA-C1A4-8ECD-638CE9A0AB07}"
EndProject
Global
	GlobalSection(SolutionConfigurationPlatforms) = preSolution
		Debug|Any CPU = Debug|Any CPU
		Release|Any CPU = Release|Any CPU
	EndGlobalSection
	GlobalSection(ProjectConfigurationPlatforms) = postSolution
		{8DDAB667-95CB-A1FD-3A61-766911397645}.Debug|Any CPU.ActiveCfg = Debug|Any CPU
		{8DDAB667-95CB-A1FD-3A61-766911397645}.Debug|Any CPU.Build.0 = Debug|Any CPU
		{8DDAB667-95CB-A1FD-3A61-766911397645}.Release|Any CPU.ActiveCfg = Release|Any CPU
		{8DDAB667-95CB-A1FD-3A61-766911397645}.Release|Any CPU.Build.0 = Release|Any CPU
		{88E4B518-BCEA-C1A4-8ECD-638CE9A0AB07}.Debug|Any CPU.ActiveCfg = Debug|Any CPU
		{88E4B518-BCEA-C1A4-8ECD-638CE9A0AB07}.Debug|Any CPU.Build.0 = Debug|Any CPU
		{88E4B518-BCEA-C1A4-8ECD-638CE9A0AB07}.Release|Any CPU.ActiveCfg = Release|Any CPU
		{88E4B518-BCEA-C1A4-8ECD-638CE9A0AB07}.Release|Any CPU.Build.0 = Release|Any CPU
	EndGlobalSection
	GlobalSection(SolutionProperties) = preSolution
		HideSolutionNode = FALSE
	EndGlobalSection
EndGlobal
